
Microsoft Visual Studio Solution File, Format Version 12.00
# Visual Studio Version 17
VisualStudioVersion = 17.13.35825.156 d17.13
MinimumVisualStudioVersion = 10.0.40219.1
Project("{FAE04EC0-301F-11D3-BF4B-00C04F79EFBC}") = "ProjectMedicalExam", "ProjectMedicalExam.csproj", "{5774ED9B-FA3C-4E31-AB88-E21AD71F32CF}"
EndProject
Global
	GlobalSection(SolutionConfigurationPlatforms) = preSolution
		Debug|Any CPU = Debug|Any CPU
		Release|Any CPU = Release|Any CPU
	EndGlobalSection
	GlobalSection(ProjectConfigurationPlatforms) = postSolution
		{5774ED9B-FA3C-4E31-AB88-E21AD71F32CF}.Debug|Any CPU.ActiveCfg = Debug|Any CPU
		{5774ED9B-FA3C-4E31-AB88-E21AD71F32CF}.Debug|Any CPU.Build.0 = Debug|Any CPU
		{5774ED9B-FA3C-4E31-AB88-E21AD71F32CF}.Release|Any CPU.ActiveCfg = Release|Any CPU
		{5774ED9B-FA3C-4E31-AB88-E21AD71F32CF}.Release|Any CPU.Build.0 = Release|Any CPU
	EndGlobalSection
	GlobalSection(SolutionProperties) = preSolution
		HideSolutionNode = FALSE
	EndGlobalSection
	GlobalSection(ExtensibilityGlobals) = postSolution
		SolutionGuid = {9FEB38CB-1020-4E9B-994C-DCE89904DD23}
	EndGlobalSection
EndGlobal
